// !$*UTF8*$!
{
	archiveVersion = 1;
	classes = {
	};
	objectVersion = 46;
	objects = {

/* Begin PBXBuildFile section */
		9A456A671AF2C416006EB3E0 /* AppDelegate.swift in Sources */ = {isa = PBXBuildFile; fileRef = 9A456A661AF2C416006EB3E0 /* AppDelegate.swift */; };
		9A456A6A1AF2C416006EB3E0 /* MotoX.xcdatamodeld in Sources */ = {isa = PBXBuildFile; fileRef = 9A456A681AF2C416006EB3E0 /* MotoX.xcdatamodeld */; };
		9A456A6C1AF2C416006EB3E0 /* ViewController.swift in Sources */ = {isa = PBXBuildFile; fileRef = 9A456A6B1AF2C416006EB3E0 /* ViewController.swift */; };
		9A456A6F1AF2C416006EB3E0 /* Main.storyboard in Resources */ = {isa = PBXBuildFile; fileRef = 9A456A6D1AF2C416006EB3E0 /* Main.storyboard */; };
		9A456A711AF2C416006EB3E0 /* Images.xcassets in Resources */ = {isa = PBXBuildFile; fileRef = 9A456A701AF2C416006EB3E0 /* Images.xcassets */; };
		9A456A741AF2C416006EB3E0 /* LaunchScreen.xib in Resources */ = {isa = PBXBuildFile; fileRef = 9A456A721AF2C416006EB3E0 /* LaunchScreen.xib */; };
		9A456A801AF2C417006EB3E0 /* MotoXTests.swift in Sources */ = {isa = PBXBuildFile; fileRef = 9A456A7F1AF2C417006EB3E0 /* MotoXTests.swift */; };
/* End PBXBuildFile section */

/* Begin PBXContainerItemProxy section */
		9A456A7A1AF2C417006EB3E0 /* PBXContainerItemProxy */ = {
			isa = PBXContainerItemProxy;
			containerPortal = 9A456A591AF2C416006EB3E0 /* Project object */;
			proxyType = 1;
			remoteGlobalIDString = 9A456A601AF2C416006EB3E0;
			remoteInfo = MotoX;
		};
/* End PBXContainerItemProxy section */

/* Begin PBXFileReference section */
		9A456A611AF2C416006EB3E0 /* MotoX.app */ = {isa = PBXFileReference; explicitFileType = wrapper.application; includeInIndex = 0; path = MotoX.app; sourceTree = BUILT_PRODUCTS_DIR; };
		9A456A651AF2C416006EB3E0 /* Info.plist */ = {isa = PBXFileReference; lastKnownFileType = text.plist.xml; path = Info.plist; sourceTree = "<group>"; };
		9A456A661AF2C416006EB3E0 /* AppDelegate.swift */ = {isa = PBXFileReference; lastKnownFileType = sourcecode.swift; path = AppDelegate.swift; sourceTree = "<group>"; };
		9A456A691AF2C416006EB3E0 /* MotoX.xcdatamodel */ = {isa = PBXFileReference; lastKnownFileType = wrapper.xcdatamodel; path = MotoX.xcdatamodel; sourceTree = "<group>"; };
		9A456A6B1AF2C416006EB3E0 /* ViewController.swift */ = {isa = PBXFileReference; lastKnownFileType = sourcecode.swift; path = ViewController.swift; sourceTree = "<group>"; };
		9A456A6E1AF2C416006EB3E0 /* Base */ = {isa = PBXFileReference; lastKnownFileType = file.storyboard; name = Base; path = Base.lproj/Main.storyboard; sourceTree = "<group>"; };
		9A456A701AF2C416006EB3E0 /* Images.xcassets */ = {isa = PBXFileReference; lastKnownFileType = folder.assetcatalog; path = Images.xcassets; sourceTree = "<group>"; };
		9A456A731AF2C416006EB3E0 /* Base */ = {isa = PBXFileReference; lastKnownFileType = file.xib; name = Base; path = Base.lproj/LaunchScreen.xib; sourceTree = "<group>"; };
		9A456A791AF2C417006EB3E0 /* MotoXTests.xctest */ = {isa = PBXFileReference; explicitFileType = wrapper.cfbundle; includeInIndex = 0; path = MotoXTests.xctest; sourceTree = BUILT_PRODUCTS_DIR; };
		9A456A7E1AF2C417006EB3E0 /* Info.plist */ = {isa = PBXFileReference; lastKnownFileType = text.plist.xml; path = Info.plist; sourceTree = "<group>"; };
		9A456A7F1AF2C417006EB3E0 /* MotoXTests.swift */ = {isa = PBXFileReference; lastKnownFileType = sourcecode.swift; path = MotoXTests.swift; sourceTree = "<group>"; };
/* End PBXFileReference section */

/* Begin PBXFrameworksBuildPhase section */
		9A456A5E1AF2C416006EB3E0 /* Frameworks */ = {
			isa = PBXFrameworksBuildPhase;
			buildActionMask = 2147483647;
			files = (
			);
			runOnlyForDeploymentPostprocessing = 0;
		};
		9A456A761AF2C417006EB3E0 /* Frameworks */ = {
			isa = PBXFrameworksBuildPhase;
			buildActionMask = 2147483647;
			files = (
			);
			runOnlyForDeploymentPostprocessing = 0;
		};
/* End PBXFrameworksBuildPhase section */

/* Begin PBXGroup section */
		9A456A581AF2C416006EB3E0 = {
			isa = PBXGroup;
			children = (
				9A456A631AF2C416006EB3E0 /* MotoX */,
				9A456A7C1AF2C417006EB3E0 /* MotoXTests */,
				9A456A621AF2C416006EB3E0 /* Products */,
			);
			sourceTree = "<group>";
		};
		9A456A621AF2C416006EB3E0 /* Products */ = {
			isa = PBXGroup;
			children = (
				9A456A611AF2C416006EB3E0 /* MotoX.app */,
				9A456A791AF2C417006EB3E0 /* MotoXTests.xctest */,
			);
			name = Products;
			sourceTree = "<group>";
		};
		9A456A631AF2C416006EB3E0 /* MotoX */ = {
			isa = PBXGroup;
			children = (
				9A456A661AF2C416006EB3E0 /* AppDelegate.swift */,
				9A456A6B1AF2C416006EB3E0 /* ViewController.swift */,
				9A456A6D1AF2C416006EB3E0 /* Main.storyboard */,
				9A456A701AF2C416006EB3E0 /* Images.xcassets */,
				9A456A721AF2C416006EB3E0 /* LaunchScreen.xib */,
				9A456A681AF2C416006EB3E0 /* MotoX.xcdatamodeld */,
				9A456A641AF2C416006EB3E0 /* Supporting Files */,
			);
			path = MotoX;
			sourceTree = "<group>";
		};
		9A456A641AF2C416006EB3E0 /* Supporting Files */ = {
			isa = PBXGroup;
			children = (
				9A456A651AF2C416006EB3E0 /* Info.plist */,
			);
			name = "Supporting Files";
			sourceTree = "<group>";
		};
		9A456A7C1AF2C417006EB3E0 /* MotoXTests */ = {
			isa = PBXGroup;
			children = (
				9A456A7F1AF2C417006EB3E0 /* MotoXTests.swift */,
				9A456A7D1AF2C417006EB3E0 /* Supporting Files */,
			);
			path = MotoXTests;
			sourceTree = "<group>";
		};
		9A456A7D1AF2C417006EB3E0 /* Supporting Files */ = {
			isa = PBXGroup;
			children = (
				9A456A7E1AF2C417006EB3E0 /* Info.plist */,
			);
			name = "Supporting Files";
			sourceTree = "<group>";
		};
/* End PBXGroup section */

/* Begin PBXNativeTarget section */
		9A456A601AF2C416006EB3E0 /* MotoX */ = {
			isa = PBXNativeTarget;
			buildConfigurationList = 9A456A831AF2C417006EB3E0 /* Build configuration list for PBXNativeTarget "MotoX" */;
			buildPhases = (
				9A456A5D1AF2C416006EB3E0 /* Sources */,
				9A456A5E1AF2C416006EB3E0 /* Frameworks */,
				9A456A5F1AF2C416006EB3E0 /* Resources */,
			);
			buildRules = (
			);
			dependencies = (
			);
			name = MotoX;
			productName = MotoX;
			productReference = 9A456A611AF2C416006EB3E0 /* MotoX.app */;
			productType = "com.apple.product-type.application";
		};
		9A456A781AF2C417006EB3E0 /* MotoXTests */ = {
			isa = PBXNativeTarget;
			buildConfigurationList = 9A456A861AF2C417006EB3E0 /* Build configuration list for PBXNativeTarget "MotoXTests" */;
			buildPhases = (
				9A456A751AF2C417006EB3E0 /* Sources */,
				9A456A761AF2C417006EB3E0 /* Frameworks */,
				9A456A771AF2C417006EB3E0 /* Resources */,
			);
			buildRules = (
			);
			dependencies = (
				9A456A7B1AF2C417006EB3E0 /* PBXTargetDependency */,
			);
			name = MotoXTests;
			productName = MotoXTests;
			productReference = 9A456A791AF2C417006EB3E0 /* MotoXTests.xctest */;
			productType = "com.apple.product-type.bundle.unit-test";
		};
/* End PBXNativeTarget section */

/* Begin PBXProject section */
		9A456A591AF2C416006EB3E0 /* Project object */ = {
			isa = PBXProject;
			attributes = {
				LastUpgradeCheck = 0640;
				ORGANIZATIONNAME = Macmini_Dagon;
				TargetAttributes = {
					9A456A601AF2C416006EB3E0 = {
						CreatedOnToolsVersion = 6.4;
					};
					9A456A781AF2C417006EB3E0 = {
						CreatedOnToolsVersion = 6.4;
						TestTargetID = 9A456A601AF2C416006EB3E0;
					};
				};
			};
			buildConfigurationList = 9A456A5C1AF2C416006EB3E0 /* Build configuration list for PBXProject "MotoX" */;
			compatibilityVersion = "Xcode 3.2";
			developmentRegion = English;
			hasScannedForEncodings = 0;
			knownRegions = (
				en,
				Base,
			);
			mainGroup = 9A456A581AF2C416006EB3E0;
			productRefGroup = 9A456A621AF2C416006EB3E0 /* Products */;
			projectDirPath = "";
			projectRoot = "";
			targets = (
				9A456A601AF2C416006EB3E0 /* MotoX */,
				9A456A781AF2C417006EB3E0 /* MotoXTests */,
			);
		};
/* End PBXProject section */

/* Begin PBXResourcesBuildPhase section */
		9A456A5F1AF2C416006EB3E0 /* Resources */ = {
			isa = PBXResourcesBuildPhase;
			buildActionMask = 2147483647;
			files = (
				9A456A6F1AF2C416006EB3E0 /* Main.storyboard in Resources */,
				9A456A741AF2C416006EB3E0 /* LaunchScreen.xib in Resources */,
				9A456A711AF2C416006EB3E0 /* Images.xcassets in Resources */,
			);
			runOnlyForDeploymentPostprocessing = 0;
		};
		9A456A771AF2C417006EB3E0 /* Resources */ = {
			isa = PBXResourcesBuildPhase;
			buildActionMask = 2147483647;
			files = (
			);
			runOnlyForDeploymentPostprocessing = 0;
		};
/* End PBXResourcesBuildPhase section */

/* Begin PBXSourcesBuildPhase section */
		9A456A5D1AF2C416006EB3E0 /* Sources */ = {
			isa = PBXSourcesBuildPhase;
			buildActionMask = 2147483647;
			files = (
				9A456A6C1AF2C416006EB3E0 /* ViewController.swift in Sources */,
				9A456A671AF2C416006EB3E0 /* AppDelegate.swift in Sources */,
				9A456A6A1AF2C416006EB3E0 /* MotoX.xcdatamodeld in Sources */,
			);
			runOnlyForDeploymentPostprocessing = 0;
		};
		9A456A751AF2C417006EB3E0 /* Sources */ = {
			isa = PBXSourcesBuildPhase;
			buildActionMask = 2147483647;
			files = (
				9A456A801AF2C417006EB3E0 /* MotoXTests.swift in Sources */,
			);
			runOnlyForDeploymentPostprocessing = 0;
		};
/* End PBXSourcesBuildPhase section */

/* Begin PBXTargetDependency section */
		9A456A7B1AF2C417006EB3E0 /* PBXTargetDependency */ = {
			isa = PBXTargetDependency;
			target = 9A456A601AF2C416006EB3E0 /* MotoX */;
			targetProxy = 9A456A7A1AF2C417006EB3E0 /* PBXContainerItemProxy */;
		};
/* End PBXTargetDependency section */

/* Begin PBXVariantGroup section */
		9A456A6D1AF2C416006EB3E0 /* Main.storyboard */ = {
			isa = PBXVariantGroup;
			children = (
				9A456A6E1AF2C416006EB3E0 /* Base */,
			);
			name = Main.storyboard;
			sourceTree = "<group>";
		};
		9A456A721AF2C416006EB3E0 /* LaunchScreen.xib */ = {
			isa = PBXVariantGroup;
			children = (
				9A456A731AF2C416006EB3E0 /* Base */,
			);
			name = LaunchScreen.xib;
			sourceTree = "<group>";
		};
/* End PBXVariantGroup section */

/* Begin XCBuildConfiguration section */
		9A456A811AF2C417006EB3E0 /* Debug */ = {
			isa = XCBuildConfiguration;
			buildSettings = {
				ALWAYS_SEARCH_USER_PATHS = NO;
				CLANG_CXX_LANGUAGE_STANDARD = "gnu++0x";
				CLANG_CXX_LIBRARY = "libc++";
				CLANG_ENABLE_MODULES = YES;
				CLANG_ENABLE_OBJC_ARC = YES;
				CLANG_WARN_BOOL_CONVERSION = YES;
				CLANG_WARN_CONSTANT_CONVERSION = YES;
				CLANG_WARN_DIRECT_OBJC_ISA_USAGE = YES_ERROR;
				CLANG_WARN_EMPTY_BODY = YES;
				CLANG_WARN_ENUM_CONVERSION = YES;
				CLANG_WARN_INT_CONVERSION = YES;
				CLANG_WARN_OBJC_ROOT_CLASS = YES_ERROR;
				CLANG_WARN_UNREACHABLE_CODE = YES;
				CLANG_WARN__DUPLICATE_METHOD_MATCH = YES;
				"CODE_SIGN_IDENTITY[sdk=iphoneos*]" = "iPhone Developer";
				COPY_PHASE_STRIP = NO;
				DEBUG_INFORMATION_FORMAT = "dwarf-with-dsym";
				ENABLE_STRICT_OBJC_MSGSEND = YES;
				GCC_C_LANGUAGE_STANDARD = gnu99;
				GCC_DYNAMIC_NO_PIC = NO;
				GCC_NO_COMMON_BLOCKS = YES;
				GCC_OPTIMIZATION_LEVEL = 0;
				GCC_PREPROCESSOR_DEFINITIONS = (
					"DEBUG=1",
					"$(inherited)",
				);
				GCC_SYMBOLS_PRIVATE_EXTERN = NO;
				GCC_WARN_64_TO_32_BIT_CONVERSION = YES;
				GCC_WARN_ABOUT_RETURN_TYPE = YES_ERROR;
				GCC_WARN_UNDECLARED_SELECTOR = YES;
				GCC_WARN_UNINITIALIZED_AUTOS = YES_AGGRESSIVE;
				GCC_WARN_UNUSED_FUNCTION = YES;
				GCC_WARN_UNUSED_VARIABLE = YES;
				IPHONEOS_DEPLOYMENT_TARGET = 8.4;
				MTL_ENABLE_DEBUG_INFO = YES;
				ONLY_ACTIVE_ARCH = YES;
				SDKROOT = iphoneos;
				SWIFT_OPTIMIZATION_LEVEL = "-Onone";
			};
			name = Debug;
		};
		9A456A821AF2C417006EB3E0 /* Release */ = {
			isa = XCBuildConfiguration;
			buildSettings = {
				ALWAYS_SEARCH_USER_PATHS = NO;
				CLANG_CXX_LANGUAGE_STANDARD = "gnu++0x";
				CLANG_CXX_LIBRARY = "libc++";
				CLANG_ENABLE_MODULES = YES;
				CLANG_ENABLE_OBJC_ARC = YES;
				CLANG_WARN_BOOL_CONVERSION = YES;
				CLANG_WARN_CONSTANT_CONVERSION = YES;
				CLANG_WARN_DIRECT_OBJC_ISA_USAGE = YES_ERROR;
				CLANG_WARN_EMPTY_BODY = YES;
				CLANG_WARN_ENUM_CONVERSION = YES;
				CLANG_WARN_INT_CONVERSION = YES;
				CLANG_WARN_OBJC_ROOT_CLASS = YES_ERROR;
				CLANG_WARN_UNREACHABLE_CODE = YES;
				CLANG_WARN__DUPLICATE_METHOD_MATCH = YES;
				"CODE_SIGN_IDENTITY[sdk=iphoneos*]" = "iPhone Developer";
				COPY_PHASE_STRIP = NO;
				DEBUG_INFORMATION_FORMAT = "dwarf-with-dsym";
				ENABLE_NS_ASSERTIONS = NO;
				ENABLE_STRICT_OBJC_MSGSEND = YES;
				GCC_C_LANGUAGE_STANDARD = gnu99;
				GCC_NO_COMMON_BLOCKS = YES;
				GCC_WARN_64_TO_32_BIT_CONVERSION = YES;
				GCC_WARN_ABOUT_RETURN_TYPE = YES_ERROR;
				GCC_WARN_UNDECLARED_SELECTOR = YES;
				GCC_WARN_UNINITIALIZED_AUTOS = YES_AGGRESSIVE;
				GCC_WARN_UNUSED_FUNCTION = YES;
				GCC_WARN_UNUSED_VARIABLE = YES;
				IPHONEOS_DEPLOYMENT_TARGET = 8.4;
				MTL_ENABLE_DEBUG_INFO = NO;
				SDKROOT = iphoneos;
				VALIDATE_PRODUCT = YES;
			};
			name = Release;
		};
		9A456A841AF2C417006EB3E0 /* Debug */ = {
			isa = XCBuildConfiguration;
			buildSettings = {
				ASSETCATALOG_COMPILER_APPICON_NAME = AppIcon;
				INFOPLIST_FILE = MotoX/Info.plist;
				LD_RUNPATH_SEARCH_PATHS = "$(inherited) @executable_path/Frameworks";
				PRODUCT_NAME = "$(TARGET_NAME)";
			};
			name = Debug;
		};
		9A456A851AF2C417006EB3E0 /* Release */ = {
			isa = XCBuildConfiguration;
			buildSettings = {
				ASSETCATALOG_COMPILER_APPICON_NAME = AppIcon;
				INFOPLIST_FILE = MotoX/Info.plist;
				LD_RUNPATH_SEARCH_PATHS = "$(inherited) @executable_path/Frameworks";
				PRODUCT_NAME = "$(TARGET_NAME)";
			};
			name = Release;
		};
		9A456A871AF2C417006EB3E0 /* Debug */ = {
			isa = XCBuildConfiguration;
			buildSettings = {
				BUNDLE_LOADER = "$(TEST_HOST)";
				FRAMEWORK_SEARCH_PATHS = (
					"$(SDKROOT)/Developer/Library/Frameworks",
					"$(inherited)",
				);
				GCC_PREPROCESSOR_DEFINITIONS = (
					"DEBUG=1",
					"$(inherited)",
				);
				INFOPLIST_FILE = MotoXTests/Info.plist;
				LD_RUNPATH_SEARCH_PATHS = "$(inherited) @executable_path/Frameworks @loader_path/Frameworks";
				PRODUCT_NAME = "$(TARGET_NAME)";
				TEST_HOST = "$(BUILT_PRODUCTS_DIR)/MotoX.app/MotoX";
			};
			name = Debug;
		};
		9A456A881AF2C417006EB3E0 /* Release */ = {
			isa = XCBuildConfiguration;
			buildSettings = {
				BUNDLE_LOADER = "$(TEST_HOST)";
				FRAMEWORK_SEARCH_PATHS = (
					"$(SDKROOT)/Developer/Library/Frameworks",
					"$(inherited)",
				);
				INFOPLIST_FILE = MotoXTests/Info.plist;
				LD_RUNPATH_SEARCH_PATHS = "$(inherited) @executable_path/Frameworks @loader_path/Frameworks";
				PRODUCT_NAME = "$(TARGET_NAME)";
				TEST_HOST = "$(BUILT_PRODUCTS_DIR)/MotoX.app/MotoX";
			};
			name = Release;
		};
/* End XCBuildConfiguration section */

/* Begin XCConfigurationList section */
		9A456A5C1AF2C416006EB3E0 /* Build configuration list for PBXProject "MotoX" */ = {
			isa = XCConfigurationList;
			buildConfigurations = (
				9A456A811AF2C417006EB3E0 /* Debug */,
				9A456A821AF2C417006EB3E0 /* Release */,
			);
			defaultConfigurationIsVisible = 0;
			defaultConfigurationName = Release;
		};
		9A456A831AF2C417006EB3E0 /* Build configuration list for PBXNativeTarget "MotoX" */ = {
			isa = XCConfigurationList;
			buildConfigurations = (
				9A456A841AF2C417006EB3E0 /* Debug */,
				9A456A851AF2C417006EB3E0 /* Release */,
			);
			defaultConfigurationIsVisible = 0;
		};
		9A456A861AF2C417006EB3E0 /* Build configuration list for PBXNativeTarget "MotoXTests" */ = {
			isa = XCConfigurationList;
			buildConfigurations = (
				9A456A871AF2C417006EB3E0 /* Debug */,
				9A456A881AF2C417006EB3E0 /* Release */,
			);
			defaultConfigurationIsVisible = 0;
		};
/* End XCConfigurationList section */

/* Begin XCVersionGroup section */
		9A456A681AF2C416006EB3E0 /* MotoX.xcdatamodeld */ = {
			isa = XCVersionGroup;
			children = (
				9A456A691AF2C416006EB3E0 /* MotoX.xcdatamodel */,
			);
			currentVersion = 9A456A691AF2C416006EB3E0 /* MotoX.xcdatamodel */;
			path = MotoX.xcdatamodeld;
			sourceTree = "<group>";
			versionGroupType = wrapper.xcdatamodel;
		};
/* End XCVersionGroup section */
	};
	rootObject = 9A456A591AF2C416006EB3E0 /* Project object */;
}
